
Microsoft Visual Studio Solution File, Format Version 12.00
# Visual Studio Version 16
VisualStudioVersion = 16.0.31205.134
MinimumVisualStudioVersion = 10.0.40219.1
Project("{FAE04EC0-301F-11D3-BF4B-00C04F79EFBC}") = "TestIFCJsWebapp", "TestIFCJsWebapp.csproj", "{B6FA4A1F-39DE-4A26-9147-83800D760E4F}"
EndProject
Global
	GlobalSection(SolutionConfigurationPlatforms) = preSolution
		Debug|Any CPU = Debug|Any CPU
		Release|Any CPU = Release|Any CPU
	EndGlobalSection
	GlobalSection(ProjectConfigurationPlatforms) = postSolution
		{B6FA4A1F-39DE-4A26-9147-83800D760E4F}.Debug|Any CPU.ActiveCfg = Debug|Any CPU
		{B6FA4A1F-39DE-4A26-9147-83800D760E4F}.Debug|Any CPU.Build.0 = Debug|Any CPU
		{B6FA4A1F-39DE-4A26-9147-83800D760E4F}.Release|Any CPU.ActiveCfg = Release|Any CPU
		{B6FA4A1F-39DE-4A26-9147-83800D760E4F}.Release|Any CPU.Build.0 = Release|Any CPU
	EndGlobalSection
	GlobalSection(SolutionProperties) = preSolution
		HideSolutionNode = FALSE
	EndGlobalSection
	GlobalSection(ExtensibilityGlobals) = postSolution
		SolutionGuid = {30635772-79D8-40E9-B4EE-6937E0CD9D7E}
	EndGlobalSection
EndGlobal
